
Microsoft Visual Studio Solution File, Format Version 12.00
# Visual Studio Version 17
VisualStudioVersion = 17.8.34525.116
MinimumVisualStudioVersion = 10.0.40219.1
Project("{9A19103F-16F7-4668-BE54-9A1E7A4F7556}") = "001_Web_API_Hello_World", "001_Web_API_Hello_World\001_Web_API_Hello_World.csproj", "{DECDCE2E-C982-4750-8357-2653736CF868}"
EndProject
Project("{9A19103F-16F7-4668-BE54-9A1E7A4F7556}") = "002_Dependency_Injection", "002_Dependency_Injection\002_Dependency_Injection.csproj", "{EE102DE6-9CA7-40B5-8025-92A7D226030B}"
EndProject
Project("{9A19103F-16F7-4668-BE54-9A1E7A4F7556}") = "003_Middleware_Request_Logging", "003_Middleware_Request_Logging\003_Middleware_Request_Logging.csproj", "{68CBB792-224D-47E8-BE31-80C577AF322D}"
EndProject
Project("{9A19103F-16F7-4668-BE54-9A1E7A4F7556}") = "004_Routing", "004_Routing\004_Routing.csproj", "{E99D9048-60D4-4488-938F-E85407E517E6}"
EndProject
Project("{9A19103F-16F7-4668-BE54-9A1E7A4F7556}") = "005_Global_Exception_Handler", "005_Global_Exception_Handler\005_Global_Exception_Handler.csproj", "{069FA8F8-FF43-40F1-ADEF-5ED8EEA63386}"
EndProject
Project("{9A19103F-16F7-4668-BE54-9A1E7A4F7556}") = "006_Multiple_Configuration_Handling", "006_Multiple_Configuration_Handling\006_Multiple_Configuration_Handling.csproj", "{B68F4451-01C6-49BF-9DBC-F13A193FF926}"
EndProject
Project("{9A19103F-16F7-4668-BE54-9A1E7A4F7556}") = "007_Options_Pattern_Configuration", "007_Options_Pattern_Configuration\007_Options_Pattern_Configuration.csproj", "{3D8AB03B-D829-40A1-BE9E-39E683900863}"
EndProject
Project("{9A19103F-16F7-4668-BE54-9A1E7A4F7556}") = "008_Options_Pattern_Complex_Type_Configuration", "008_Options_Pattern_Complex_Type_Configuration\008_Options_Pattern_Complex_Type_Configuration.csproj", "{20B57AF6-8B3E-4BFA-8357-0FD374BF88B6}"
EndProject
Project("{9A19103F-16F7-4668-BE54-9A1E7A4F7556}") = "009_API_Versioning_Strategies", "009_API_Versioning_Strategies\009_API_Versioning_Strategies.csproj", "{092ADDDF-FD7A-4EF9-BEB5-02E06A72D5B7}"
EndProject
Project("{9A19103F-16F7-4668-BE54-9A1E7A4F7556}") = "010_Action_Paramters_Source_Data", "010_Action_Paramters_Source_Data\010_Action_Paramters_Source_Data.csproj", "{7D0B1438-2BA0-43F6-9E30-C8E5F1091060}"
EndProject
Project("{9A19103F-16F7-4668-BE54-9A1E7A4F7556}") = "011_FromServices_Attribute_Multi_Services", "011_FromServices_Attribute_Multi_Services\011_FromServices_Attribute_Multi_Services.csproj", "{5977E0E7-69D7-457B-A493-85007995DFEE}"
EndProject
Project("{9A19103F-16F7-4668-BE54-9A1E7A4F7556}") = "012_DI_Dependency_Injection", "012_DI_Dependency_Injection\012_DI_Dependency_Injection.csproj", "{E8CCBCD9-A0B0-4EEE-B408-E44A5CB329DD}"
EndProject
Project("{9A19103F-16F7-4668-BE54-9A1E7A4F7556}") = "013_HATEOAS_Implementation", "013_HATEOAS_Implementation\013_HATEOAS_Implementation.csproj", "{C32F4C4E-2F89-42E4-A3DA-AAB7FADD5316}"
EndProject
Project("{9A19103F-16F7-4668-BE54-9A1E7A4F7556}") = "014_RequestDelegate_Implementation", "014_RequestDelegate_Implementation\014_RequestDelegate_Implementation.csproj", "{532483BB-9C66-48D9-84B6-667A5F43B274}"
EndProject
Project("{9A19103F-16F7-4668-BE54-9A1E7A4F7556}") = "015_Policy_based_Authorization", "015_Policy_based_Authorization\015_Policy_based_Authorization.csproj", "{207979CC-014F-428B-8270-6E9E93D45955}"
EndProject
Project("{FAE04EC0-301F-11D3-BF4B-00C04F79EFBC}") = "016_Background_Tasks_with_IHostedService", "016_Background_Tasks_with_IHostedService\016_Background_Tasks_with_IHostedService.csproj", "{0FB5BA20-6D6F-4BBD-B957-2562A10B09CD}"
EndProject
Global
	GlobalSection(SolutionConfigurationPlatforms) = preSolution
		Debug|Any CPU = Debug|Any CPU
		Release|Any CPU = Release|Any CPU
	EndGlobalSection
	GlobalSection(ProjectConfigurationPlatforms) = postSolution
		{DECDCE2E-C982-4750-8357-2653736CF868}.Debug|Any CPU.ActiveCfg = Debug|Any CPU
		{DECDCE2E-C982-4750-8357-2653736CF868}.Debug|Any CPU.Build.0 = Debug|Any CPU
		{DECDCE2E-C982-4750-8357-2653736CF868}.Release|Any CPU.ActiveCfg = Release|Any CPU
		{DECDCE2E-C982-4750-8357-2653736CF868}.Release|Any CPU.Build.0 = Release|Any CPU
		{EE102DE6-9CA7-40B5-8025-92A7D226030B}.Debug|Any CPU.ActiveCfg = Debug|Any CPU
		{EE102DE6-9CA7-40B5-8025-92A7D226030B}.Debug|Any CPU.Build.0 = Debug|Any CPU
		{EE102DE6-9CA7-40B5-8025-92A7D226030B}.Release|Any CPU.ActiveCfg = Release|Any CPU
		{EE102DE6-9CA7-40B5-8025-92A7D226030B}.Release|Any CPU.Build.0 = Release|Any CPU
		{68CBB792-224D-47E8-BE31-80C577AF322D}.Debug|Any CPU.ActiveCfg = Debug|Any CPU
		{68CBB792-224D-47E8-BE31-80C577AF322D}.Debug|Any CPU.Build.0 = Debug|Any CPU
		{68CBB792-224D-47E8-BE31-80C577AF322D}.Release|Any CPU.ActiveCfg = Release|Any CPU
		{68CBB792-224D-47E8-BE31-80C577AF322D}.Release|Any CPU.Build.0 = Release|Any CPU
		{E99D9048-60D4-4488-938F-E85407E517E6}.Debug|Any CPU.ActiveCfg = Debug|Any CPU
		{E99D9048-60D4-4488-938F-E85407E517E6}.Debug|Any CPU.Build.0 = Debug|Any CPU
		{E99D9048-60D4-4488-938F-E85407E517E6}.Release|Any CPU.ActiveCfg = Release|Any CPU
		{E99D9048-60D4-4488-938F-E85407E517E6}.Release|Any CPU.Build.0 = Release|Any CPU
		{069FA8F8-FF43-40F1-ADEF-5ED8EEA63386}.Debug|Any CPU.ActiveCfg = Debug|Any CPU
		{069FA8F8-FF43-40F1-ADEF-5ED8EEA63386}.Debug|Any CPU.Build.0 = Debug|Any CPU
		{069FA8F8-FF43-40F1-ADEF-5ED8EEA63386}.Release|Any CPU.ActiveCfg = Release|Any CPU
		{069FA8F8-FF43-40F1-ADEF-5ED8EEA63386}.Release|Any CPU.Build.0 = Release|Any CPU
		{B68F4451-01C6-49BF-9DBC-F13A193FF926}.Debug|Any CPU.ActiveCfg = Debug|Any CPU
		{B68F4451-01C6-49BF-9DBC-F13A193FF926}.Debug|Any CPU.Build.0 = Debug|Any CPU
		{B68F4451-01C6-49BF-9DBC-F13A193FF926}.Release|Any CPU.ActiveCfg = Release|Any CPU
		{B68F4451-01C6-49BF-9DBC-F13A193FF926}.Release|Any CPU.Build.0 = Release|Any CPU
		{3D8AB03B-D829-40A1-BE9E-39E683900863}.Debug|Any CPU.ActiveCfg = Debug|Any CPU
		{3D8AB03B-D829-40A1-BE9E-39E683900863}.Debug|Any CPU.Build.0 = Debug|Any CPU
		{3D8AB03B-D829-40A1-BE9E-39E683900863}.Release|Any CPU.ActiveCfg = Release|Any CPU
		{3D8AB03B-D829-40A1-BE9E-39E683900863}.Release|Any CPU.Build.0 = Release|Any CPU
		{20B57AF6-8B3E-4BFA-8357-0FD374BF88B6}.Debug|Any CPU.ActiveCfg = Debug|Any CPU
		{20B57AF6-8B3E-4BFA-8357-0FD374BF88B6}.Debug|Any CPU.Build.0 = Debug|Any CPU
		{20B57AF6-8B3E-4BFA-8357-0FD374BF88B6}.Release|Any CPU.ActiveCfg = Release|Any CPU
		{20B57AF6-8B3E-4BFA-8357-0FD374BF88B6}.Release|Any CPU.Build.0 = Release|Any CPU
		{092ADDDF-FD7A-4EF9-BEB5-02E06A72D5B7}.Debug|Any CPU.ActiveCfg = Debug|Any CPU
		{092ADDDF-FD7A-4EF9-BEB5-02E06A72D5B7}.Debug|Any CPU.Build.0 = Debug|Any CPU
		{092ADDDF-FD7A-4EF9-BEB5-02E06A72D5B7}.Release|Any CPU.ActiveCfg = Release|Any CPU
		{092ADDDF-FD7A-4EF9-BEB5-02E06A72D5B7}.Release|Any CPU.Build.0 = Release|Any CPU
		{7D0B1438-2BA0-43F6-9E30-C8E5F1091060}.Debug|Any CPU.ActiveCfg = Debug|Any CPU
		{7D0B1438-2BA0-43F6-9E30-C8E5F1091060}.Debug|Any CPU.Build.0 = Debug|Any CPU
		{7D0B1438-2BA0-43F6-9E30-C8E5F1091060}.Release|Any CPU.ActiveCfg = Release|Any CPU
		{7D0B1438-2BA0-43F6-9E30-C8E5F1091060}.Release|Any CPU.Build.0 = Release|Any CPU
		{5977E0E7-69D7-457B-A493-85007995DFEE}.Debug|Any CPU.ActiveCfg = Debug|Any CPU
		{5977E0E7-69D7-457B-A493-85007995DFEE}.Debug|Any CPU.Build.0 = Debug|Any CPU
		{5977E0E7-69D7-457B-A493-85007995DFEE}.Release|Any CPU.ActiveCfg = Release|Any CPU
		{5977E0E7-69D7-457B-A493-85007995DFEE}.Release|Any CPU.Build.0 = Release|Any CPU
		{E8CCBCD9-A0B0-4EEE-B408-E44A5CB329DD}.Debug|Any CPU.ActiveCfg = Debug|Any CPU
		{E8CCBCD9-A0B0-4EEE-B408-E44A5CB329DD}.Debug|Any CPU.Build.0 = Debug|Any CPU
		{E8CCBCD9-A0B0-4EEE-B408-E44A5CB329DD}.Release|Any CPU.ActiveCfg = Release|Any CPU
		{E8CCBCD9-A0B0-4EEE-B408-E44A5CB329DD}.Release|Any CPU.Build.0 = Release|Any CPU
		{C32F4C4E-2F89-42E4-A3DA-AAB7FADD5316}.Debug|Any CPU.ActiveCfg = Debug|Any CPU
		{C32F4C4E-2F89-42E4-A3DA-AAB7FADD5316}.Debug|Any CPU.Build.0 = Debug|Any CPU
		{C32F4C4E-2F89-42E4-A3DA-AAB7FADD5316}.Release|Any CPU.ActiveCfg = Release|Any CPU
		{C32F4C4E-2F89-42E4-A3DA-AAB7FADD5316}.Release|Any CPU.Build.0 = Release|Any CPU
		{532483BB-9C66-48D9-84B6-667A5F43B274}.Debug|Any CPU.ActiveCfg = Debug|Any CPU
		{532483BB-9C66-48D9-84B6-667A5F43B274}.Debug|Any CPU.Build.0 = Debug|Any CPU
		{532483BB-9C66-48D9-84B6-667A5F43B274}.Release|Any CPU.ActiveCfg = Release|Any CPU
		{532483BB-9C66-48D9-84B6-667A5F43B274}.Release|Any CPU.Build.0 = Release|Any CPU
		{207979CC-014F-428B-8270-6E9E93D45955}.Debug|Any CPU.ActiveCfg = Debug|Any CPU
		{207979CC-014F-428B-8270-6E9E93D45955}.Debug|Any CPU.Build.0 = Debug|Any CPU
		{207979CC-014F-428B-8270-6E9E93D45955}.Release|Any CPU.ActiveCfg = Release|Any CPU
		{207979CC-014F-428B-8270-6E9E93D45955}.Release|Any CPU.Build.0 = Release|Any CPU
		{0FB5BA20-6D6F-4BBD-B957-2562A10B09CD}.Debug|Any CPU.ActiveCfg = Debug|Any CPU
		{0FB5BA20-6D6F-4BBD-B957-2562A10B09CD}.Debug|Any CPU.Build.0 = Debug|Any CPU
		{0FB5BA20-6D6F-4BBD-B957-2562A10B09CD}.Release|Any CPU.ActiveCfg = Release|Any CPU
		{0FB5BA20-6D6F-4BBD-B957-2562A10B09CD}.Release|Any CPU.Build.0 = Release|Any CPU
	EndGlobalSection
	GlobalSection(SolutionProperties) = preSolution
		HideSolutionNode = FALSE
	EndGlobalSection
	GlobalSection(ExtensibilityGlobals) = postSolution
		SolutionGuid = {CBD34A77-5E9E-45E6-A1AF-07FD72405D2C}
	EndGlobalSection
EndGlobal
