
Microsoft Visual Studio Solution File, Format Version 12.00
# Visual Studio Version 17
VisualStudioVersion = 17.8.34525.116
MinimumVisualStudioVersion = 10.0.40219.1

Global
	GlobalSection(SolutionConfigurationPlatforms) = preSolution
		Debug|Any CPU = Debug|Any CPU
		Release|Any CPU = Release|Any CPU
	EndGlobalSection
	GlobalSection(ProjectConfigurationPlatforms) = postSolution
		{DECDCE2E-C982-4750-8357-2653736CF868}.Debug|Any CPU.ActiveCfg = Debug|Any CPU
		{DECDCE2E-C982-4750-8357-2653736CF868}.Debug|Any CPU.Build.0 = Debug|Any CPU
		{DECDCE2E-C982-4750-8357-2653736CF868}.Release|Any CPU.ActiveCfg = Release|Any CPU
		{DECDCE2E-C982-4750-8357-2653736CF868}.Release|Any CPU.Build.0 = Release|Any CPU
		{EE102DE6-9CA7-40B5-8025-92A7D226030B}.Debug|Any CPU.ActiveCfg = Debug|Any CPU
		{EE102DE6-9CA7-40B5-8025-92A7D226030B}.Debug|Any CPU.Build.0 = Debug|Any CPU
		{EE102DE6-9CA7-40B5-8025-92A7D226030B}.Release|Any CPU.ActiveCfg = Release|Any CPU
		{EE102DE6-9CA7-40B5-8025-92A7D226030B}.Release|Any CPU.Build.0 = Release|Any CPU
		{68CBB792-224D-47E8-BE31-80C577AF322D}.Debug|Any CPU.ActiveCfg = Debug|Any CPU
		{68CBB792-224D-47E8-BE31-80C577AF322D}.Debug|Any CPU.Build.0 = Debug|Any CPU
		{68CBB792-224D-47E8-BE31-80C577AF322D}.Release|Any CPU.ActiveCfg = Release|Any CPU
		{68CBB792-224D-47E8-BE31-80C577AF322D}.Release|Any CPU.Build.0 = Release|Any CPU
		{E99D9048-60D4-4488-938F-E85407E517E6}.Debug|Any CPU.ActiveCfg = Debug|Any CPU
		{E99D9048-60D4-4488-938F-E85407E517E6}.Debug|Any CPU.Build.0 = Debug|Any CPU
		{E99D9048-60D4-4488-938F-E85407E517E6}.Release|Any CPU.ActiveCfg = Release|Any CPU
		{E99D9048-60D4-4488-938F-E85407E517E6}.Release|Any CPU.Build.0 = Release|Any CPU
		{069FA8F8-FF43-40F1-ADEF-5ED8EEA63386}.Debug|Any CPU.ActiveCfg = Debug|Any CPU
		{069FA8F8-FF43-40F1-ADEF-5ED8EEA63386}.Debug|Any CPU.Build.0 = Debug|Any CPU
		{069FA8F8-FF43-40F1-ADEF-5ED8EEA63386}.Release|Any CPU.ActiveCfg = Release|Any CPU
		{069FA8F8-FF43-40F1-ADEF-5ED8EEA63386}.Release|Any CPU.Build.0 = Release|Any CPU
		{B68F4451-01C6-49BF-9DBC-F13A193FF926}.Debug|Any CPU.ActiveCfg = Debug|Any CPU
		{B68F4451-01C6-49BF-9DBC-F13A193FF926}.Debug|Any CPU.Build.0 = Debug|Any CPU
		{B68F4451-01C6-49BF-9DBC-F13A193FF926}.Release|Any CPU.ActiveCfg = Release|Any CPU
		{B68F4451-01C6-49BF-9DBC-F13A193FF926}.Release|Any CPU.Build.0 = Release|Any CPU
		{3D8AB03B-D829-40A1-BE9E-39E683900863}.Debug|Any CPU.ActiveCfg = Debug|Any CPU
		{3D8AB03B-D829-40A1-BE9E-39E683900863}.Debug|Any CPU.Build.0 = Debug|Any CPU
		{3D8AB03B-D829-40A1-BE9E-39E683900863}.Release|Any CPU.ActiveCfg = Release|Any CPU
		{3D8AB03B-D829-40A1-BE9E-39E683900863}.Release|Any CPU.Build.0 = Release|Any CPU
		{20B57AF6-8B3E-4BFA-8357-0FD374BF88B6}.Debug|Any CPU.ActiveCfg = Debug|Any CPU
		{20B57AF6-8B3E-4BFA-8357-0FD374BF88B6}.Debug|Any CPU.Build.0 = Debug|Any CPU
		{20B57AF6-8B3E-4BFA-8357-0FD374BF88B6}.Release|Any CPU.ActiveCfg = Release|Any CPU
		{20B57AF6-8B3E-4BFA-8357-0FD374BF88B6}.Release|Any CPU.Build.0 = Release|Any CPU
		{092ADDDF-FD7A-4EF9-BEB5-02E06A72D5B7}.Debug|Any CPU.ActiveCfg = Debug|Any CPU
		{092ADDDF-FD7A-4EF9-BEB5-02E06A72D5B7}.Debug|Any CPU.Build.0 = Debug|Any CPU
		{092ADDDF-FD7A-4EF9-BEB5-02E06A72D5B7}.Release|Any CPU.ActiveCfg = Release|Any CPU
		{092ADDDF-FD7A-4EF9-BEB5-02E06A72D5B7}.Release|Any CPU.Build.0 = Release|Any CPU
		{7D0B1438-2BA0-43F6-9E30-C8E5F1091060}.Debug|Any CPU.ActiveCfg = Debug|Any CPU
		{7D0B1438-2BA0-43F6-9E30-C8E5F1091060}.Debug|Any CPU.Build.0 = Debug|Any CPU
		{7D0B1438-2BA0-43F6-9E30-C8E5F1091060}.Release|Any CPU.ActiveCfg = Release|Any CPU
		{7D0B1438-2BA0-43F6-9E30-C8E5F1091060}.Release|Any CPU.Build.0 = Release|Any CPU
		{5977E0E7-69D7-457B-A493-85007995DFEE}.Debug|Any CPU.ActiveCfg = Debug|Any CPU
		{5977E0E7-69D7-457B-A493-85007995DFEE}.Debug|Any CPU.Build.0 = Debug|Any CPU
		{5977E0E7-69D7-457B-A493-85007995DFEE}.Release|Any CPU.ActiveCfg = Release|Any CPU
		{5977E0E7-69D7-457B-A493-85007995DFEE}.Release|Any CPU.Build.0 = Release|Any CPU
		{E8CCBCD9-A0B0-4EEE-B408-E44A5CB329DD}.Debug|Any CPU.ActiveCfg = Debug|Any CPU
		{E8CCBCD9-A0B0-4EEE-B408-E44A5CB329DD}.Debug|Any CPU.Build.0 = Debug|Any CPU
		{E8CCBCD9-A0B0-4EEE-B408-E44A5CB329DD}.Release|Any CPU.ActiveCfg = Release|Any CPU
		{E8CCBCD9-A0B0-4EEE-B408-E44A5CB329DD}.Release|Any CPU.Build.0 = Release|Any CPU
		{C32F4C4E-2F89-42E4-A3DA-AAB7FADD5316}.Debug|Any CPU.ActiveCfg = Debug|Any CPU
		{C32F4C4E-2F89-42E4-A3DA-AAB7FADD5316}.Debug|Any CPU.Build.0 = Debug|Any CPU
		{C32F4C4E-2F89-42E4-A3DA-AAB7FADD5316}.Release|Any CPU.ActiveCfg = Release|Any CPU
		{C32F4C4E-2F89-42E4-A3DA-AAB7FADD5316}.Release|Any CPU.Build.0 = Release|Any CPU
		{532483BB-9C66-48D9-84B6-667A5F43B274}.Debug|Any CPU.ActiveCfg = Debug|Any CPU
		{532483BB-9C66-48D9-84B6-667A5F43B274}.Debug|Any CPU.Build.0 = Debug|Any CPU
		{532483BB-9C66-48D9-84B6-667A5F43B274}.Release|Any CPU.ActiveCfg = Release|Any CPU
		{532483BB-9C66-48D9-84B6-667A5F43B274}.Release|Any CPU.Build.0 = Release|Any CPU
		{207979CC-014F-428B-8270-6E9E93D45955}.Debug|Any CPU.ActiveCfg = Debug|Any CPU
		{207979CC-014F-428B-8270-6E9E93D45955}.Debug|Any CPU.Build.0 = Debug|Any CPU
		{207979CC-014F-428B-8270-6E9E93D45955}.Release|Any CPU.ActiveCfg = Release|Any CPU
		{207979CC-014F-428B-8270-6E9E93D45955}.Release|Any CPU.Build.0 = Release|Any CPU
		{0FB5BA20-6D6F-4BBD-B957-2562A10B09CD}.Debug|Any CPU.ActiveCfg = Debug|Any CPU
		{0FB5BA20-6D6F-4BBD-B957-2562A10B09CD}.Debug|Any CPU.Build.0 = Debug|Any CPU
		{0FB5BA20-6D6F-4BBD-B957-2562A10B09CD}.Release|Any CPU.ActiveCfg = Release|Any CPU
		{0FB5BA20-6D6F-4BBD-B957-2562A10B09CD}.Release|Any CPU.Build.0 = Release|Any CPU
		{65CE6CA8-C996-4D7C-A2EB-119609386513}.Debug|Any CPU.ActiveCfg = Debug|Any CPU
		{65CE6CA8-C996-4D7C-A2EB-119609386513}.Debug|Any CPU.Build.0 = Debug|Any CPU
		{65CE6CA8-C996-4D7C-A2EB-119609386513}.Release|Any CPU.ActiveCfg = Release|Any CPU
		{65CE6CA8-C996-4D7C-A2EB-119609386513}.Release|Any CPU.Build.0 = Release|Any CPU
		{BE3E70AD-94F6-4BB1-A275-DD2C2AA6E875}.Debug|Any CPU.ActiveCfg = Debug|Any CPU
		{BE3E70AD-94F6-4BB1-A275-DD2C2AA6E875}.Debug|Any CPU.Build.0 = Debug|Any CPU
		{BE3E70AD-94F6-4BB1-A275-DD2C2AA6E875}.Release|Any CPU.ActiveCfg = Debug|Any CPU
		{BE3E70AD-94F6-4BB1-A275-DD2C2AA6E875}.Release|Any CPU.Build.0 = Debug|Any CPU
		{6AFF78B5-7B90-4818-9DF9-CB641A2E20C4}.Debug|Any CPU.ActiveCfg = Debug|Any CPU
		{6AFF78B5-7B90-4818-9DF9-CB641A2E20C4}.Debug|Any CPU.Build.0 = Debug|Any CPU
		{6AFF78B5-7B90-4818-9DF9-CB641A2E20C4}.Release|Any CPU.ActiveCfg = Debug|Any CPU
		{6AFF78B5-7B90-4818-9DF9-CB641A2E20C4}.Release|Any CPU.Build.0 = Debug|Any CPU
		{C248EFFC-5F75-4F37-89D3-A025F196384A}.Debug|Any CPU.ActiveCfg = Debug|Any CPU
		{C248EFFC-5F75-4F37-89D3-A025F196384A}.Debug|Any CPU.Build.0 = Debug|Any CPU
		{C248EFFC-5F75-4F37-89D3-A025F196384A}.Release|Any CPU.ActiveCfg = Release|Any CPU
		{C248EFFC-5F75-4F37-89D3-A025F196384A}.Release|Any CPU.Build.0 = Release|Any CPU
		{A124A09C-7365-4628-BCF9-4037B111A31F}.Debug|Any CPU.ActiveCfg = Debug|Any CPU
		{A124A09C-7365-4628-BCF9-4037B111A31F}.Debug|Any CPU.Build.0 = Debug|Any CPU
		{A124A09C-7365-4628-BCF9-4037B111A31F}.Release|Any CPU.ActiveCfg = Release|Any CPU
		{A124A09C-7365-4628-BCF9-4037B111A31F}.Release|Any CPU.Build.0 = Release|Any CPU
		{05D7EC0B-84B6-4CF5-BBEA-BA8CE919A0E8}.Debug|Any CPU.ActiveCfg = Debug|Any CPU
		{05D7EC0B-84B6-4CF5-BBEA-BA8CE919A0E8}.Debug|Any CPU.Build.0 = Debug|Any CPU
		{05D7EC0B-84B6-4CF5-BBEA-BA8CE919A0E8}.Release|Any CPU.ActiveCfg = Release|Any CPU
		{05D7EC0B-84B6-4CF5-BBEA-BA8CE919A0E8}.Release|Any CPU.Build.0 = Release|Any CPU
		{296DE525-D04B-41D8-8871-3452F3CB6BA1}.Debug|Any CPU.ActiveCfg = Debug|Any CPU
		{296DE525-D04B-41D8-8871-3452F3CB6BA1}.Debug|Any CPU.Build.0 = Debug|Any CPU
		{296DE525-D04B-41D8-8871-3452F3CB6BA1}.Release|Any CPU.ActiveCfg = Release|Any CPU
		{296DE525-D04B-41D8-8871-3452F3CB6BA1}.Release|Any CPU.Build.0 = Release|Any CPU
		{D323449B-6E17-4704-9452-8449D04EC31E}.Debug|Any CPU.ActiveCfg = Debug|Any CPU
		{D323449B-6E17-4704-9452-8449D04EC31E}.Debug|Any CPU.Build.0 = Debug|Any CPU
		{D323449B-6E17-4704-9452-8449D04EC31E}.Release|Any CPU.ActiveCfg = Release|Any CPU
		{D323449B-6E17-4704-9452-8449D04EC31E}.Release|Any CPU.Build.0 = Release|Any CPU
		{18F68B26-169A-450C-B657-83B8C9CAD73C}.Debug|Any CPU.ActiveCfg = Debug|Any CPU
		{18F68B26-169A-450C-B657-83B8C9CAD73C}.Debug|Any CPU.Build.0 = Debug|Any CPU
		{18F68B26-169A-450C-B657-83B8C9CAD73C}.Release|Any CPU.ActiveCfg = Release|Any CPU
		{18F68B26-169A-450C-B657-83B8C9CAD73C}.Release|Any CPU.Build.0 = Release|Any CPU
		{BB941F1E-116B-4F36-98C4-720364F6E527}.Debug|Any CPU.ActiveCfg = Debug|Any CPU
		{BB941F1E-116B-4F36-98C4-720364F6E527}.Debug|Any CPU.Build.0 = Debug|Any CPU
		{BB941F1E-116B-4F36-98C4-720364F6E527}.Release|Any CPU.ActiveCfg = Release|Any CPU
		{BB941F1E-116B-4F36-98C4-720364F6E527}.Release|Any CPU.Build.0 = Release|Any CPU
		{F17C16BD-F7F0-4BA7-96DE-F3D95EAC0235}.Debug|Any CPU.ActiveCfg = Debug|Any CPU
		{F17C16BD-F7F0-4BA7-96DE-F3D95EAC0235}.Debug|Any CPU.Build.0 = Debug|Any CPU
		{F17C16BD-F7F0-4BA7-96DE-F3D95EAC0235}.Release|Any CPU.ActiveCfg = Release|Any CPU
		{F17C16BD-F7F0-4BA7-96DE-F3D95EAC0235}.Release|Any CPU.Build.0 = Release|Any CPU
	EndGlobalSection
	GlobalSection(SolutionProperties) = preSolution
		HideSolutionNode = FALSE
	EndGlobalSection
	GlobalSection(ExtensibilityGlobals) = postSolution
		SolutionGuid = {CBD34A77-5E9E-45E6-A1AF-07FD72405D2C}
	EndGlobalSection
EndGlobal
