
Microsoft Visual Studio Solution File, Format Version 12.00
# Visual Studio Version 17
VisualStudioVersion = 17.11.35222.181
MinimumVisualStudioVersion = 10.0.40219.1
Project("{FAE04EC0-301F-11D3-BF4B-00C04F79EFBC}") = "031_MediatR_Implementation", "031_MediatR_Implementation.csproj", "{638AEC2F-9576-4DF9-AA4A-1AD218AE72F8}"
EndProject
Global
	GlobalSection(SolutionConfigurationPlatforms) = preSolution
		Debug|Any CPU = Debug|Any CPU
		Release|Any CPU = Release|Any CPU
	EndGlobalSection
	GlobalSection(ProjectConfigurationPlatforms) = postSolution
		{638AEC2F-9576-4DF9-AA4A-1AD218AE72F8}.Debug|Any CPU.ActiveCfg = Debug|Any CPU
		{638AEC2F-9576-4DF9-AA4A-1AD218AE72F8}.Debug|Any CPU.Build.0 = Debug|Any CPU
		{638AEC2F-9576-4DF9-AA4A-1AD218AE72F8}.Release|Any CPU.ActiveCfg = Release|Any CPU
		{638AEC2F-9576-4DF9-AA4A-1AD218AE72F8}.Release|Any CPU.Build.0 = Release|Any CPU
	EndGlobalSection
	GlobalSection(SolutionProperties) = preSolution
		HideSolutionNode = FALSE
	EndGlobalSection
	GlobalSection(ExtensibilityGlobals) = postSolution
		SolutionGuid = {AA27003A-7C5D-4EEB-BAB1-9F2965F3F837}
	EndGlobalSection
EndGlobal
