
Microsoft Visual Studio Solution File, Format Version 12.00
# Visual Studio Version 17
VisualStudioVersion = 17.11.35222.181
MinimumVisualStudioVersion = 10.0.40219.1
Project("{FAE04EC0-301F-11D3-BF4B-00C04F79EFBC}") = "035_NancyFX_To_Core_Migration", "035_NancyFX_To_Core_Migration.csproj", "{F3387FFC-2758-44D8-912B-D8A223A8613F}"
EndProject
Global
	GlobalSection(SolutionConfigurationPlatforms) = preSolution
		Debug|Any CPU = Debug|Any CPU
		Release|Any CPU = Release|Any CPU
	EndGlobalSection
	GlobalSection(ProjectConfigurationPlatforms) = postSolution
		{F3387FFC-2758-44D8-912B-D8A223A8613F}.Debug|Any CPU.ActiveCfg = Debug|Any CPU
		{F3387FFC-2758-44D8-912B-D8A223A8613F}.Debug|Any CPU.Build.0 = Debug|Any CPU
		{F3387FFC-2758-44D8-912B-D8A223A8613F}.Release|Any CPU.ActiveCfg = Release|Any CPU
		{F3387FFC-2758-44D8-912B-D8A223A8613F}.Release|Any CPU.Build.0 = Release|Any CPU
	EndGlobalSection
	GlobalSection(SolutionProperties) = preSolution
		HideSolutionNode = FALSE
	EndGlobalSection
	GlobalSection(ExtensibilityGlobals) = postSolution
		SolutionGuid = {A15BA64C-8AA1-4DBA-ADCC-696B847896F8}
	EndGlobalSection
EndGlobal
