
Microsoft Visual Studio Solution File, Format Version 12.00
# Visual Studio Version 17
VisualStudioVersion = 17.14.36202.13 d17.14
MinimumVisualStudioVersion = 10.0.40219.1
Project("{FAE04EC0-301F-11D3-BF4B-00C04F79EFBC}") = "048_ApiMockingService", "048_ApiMockingService.csproj", "{0374E5A0-81C7-4D1B-BB49-7BF0D05FA0B8}"
EndProject
Global
	GlobalSection(SolutionConfigurationPlatforms) = preSolution
		Debug|Any CPU = Debug|Any CPU
		Release|Any CPU = Release|Any CPU
	EndGlobalSection
	GlobalSection(ProjectConfigurationPlatforms) = postSolution
		{0374E5A0-81C7-4D1B-BB49-7BF0D05FA0B8}.Debug|Any CPU.ActiveCfg = Debug|Any CPU
		{0374E5A0-81C7-4D1B-BB49-7BF0D05FA0B8}.Debug|Any CPU.Build.0 = Debug|Any CPU
		{0374E5A0-81C7-4D1B-BB49-7BF0D05FA0B8}.Release|Any CPU.ActiveCfg = Release|Any CPU
		{0374E5A0-81C7-4D1B-BB49-7BF0D05FA0B8}.Release|Any CPU.Build.0 = Release|Any CPU
	EndGlobalSection
	GlobalSection(SolutionProperties) = preSolution
		HideSolutionNode = FALSE
	EndGlobalSection
	GlobalSection(ExtensibilityGlobals) = postSolution
		SolutionGuid = {74ACF184-9023-49EC-90DF-C9230278F491}
	EndGlobalSection
EndGlobal
