
Microsoft Visual Studio Solution File, Format Version 12.00
# Visual Studio Version 17
VisualStudioVersion = 17.14.36202.13 d17.14
MinimumVisualStudioVersion = 10.0.40219.1
Project("{FAE04EC0-301F-11D3-BF4B-00C04F79EFBC}") = "dynamic_Deep_Dive", "dynamic_Deep_Dive.csproj", "{56F6F334-1648-44A9-936E-A95A6BBE52B3}"
EndProject
Global
	GlobalSection(SolutionConfigurationPlatforms) = preSolution
		Debug|Any CPU = Debug|Any CPU
		Release|Any CPU = Release|Any CPU
	EndGlobalSection
	GlobalSection(ProjectConfigurationPlatforms) = postSolution
		{56F6F334-1648-44A9-936E-A95A6BBE52B3}.Debug|Any CPU.ActiveCfg = Debug|Any CPU
		{56F6F334-1648-44A9-936E-A95A6BBE52B3}.Debug|Any CPU.Build.0 = Debug|Any CPU
		{56F6F334-1648-44A9-936E-A95A6BBE52B3}.Release|Any CPU.ActiveCfg = Release|Any CPU
		{56F6F334-1648-44A9-936E-A95A6BBE52B3}.Release|Any CPU.Build.0 = Release|Any CPU
	EndGlobalSection
	GlobalSection(SolutionProperties) = preSolution
		HideSolutionNode = FALSE
	EndGlobalSection
	GlobalSection(ExtensibilityGlobals) = postSolution
		SolutionGuid = {9023BF6B-3FF1-4B2C-972E-A3D1E9608BA0}
	EndGlobalSection
EndGlobal
