
Microsoft Visual Studio Solution File, Format Version 12.00
# Visual Studio Version 17
VisualStudioVersion = 17.11.35222.181
MinimumVisualStudioVersion = 10.0.40219.1
Project("{FAE04EC0-301F-11D3-BF4B-00C04F79EFBC}") = "025_Circuit_Breaker_Pattern", "025_Circuit_Breaker_Pattern.csproj", "{E7342C22-EB91-4E6C-A2F8-7BC85BE65289}"
EndProject
Global
	GlobalSection(SolutionConfigurationPlatforms) = preSolution
		Debug|Any CPU = Debug|Any CPU
		Release|Any CPU = Release|Any CPU
	EndGlobalSection
	GlobalSection(ProjectConfigurationPlatforms) = postSolution
		{E7342C22-EB91-4E6C-A2F8-7BC85BE65289}.Debug|Any CPU.ActiveCfg = Debug|Any CPU
		{E7342C22-EB91-4E6C-A2F8-7BC85BE65289}.Debug|Any CPU.Build.0 = Debug|Any CPU
		{E7342C22-EB91-4E6C-A2F8-7BC85BE65289}.Release|Any CPU.ActiveCfg = Release|Any CPU
		{E7342C22-EB91-4E6C-A2F8-7BC85BE65289}.Release|Any CPU.Build.0 = Release|Any CPU
	EndGlobalSection
	GlobalSection(SolutionProperties) = preSolution
		HideSolutionNode = FALSE
	EndGlobalSection
	GlobalSection(ExtensibilityGlobals) = postSolution
		SolutionGuid = {AB0CEA5E-3F50-4881-BEFF-14FC41E35281}
	EndGlobalSection
EndGlobal
