
Microsoft Visual Studio Solution File, Format Version 12.00
# Visual Studio Version 17
VisualStudioVersion = 17.11.35222.181
MinimumVisualStudioVersion = 10.0.40219.1
Project("{FAE04EC0-301F-11D3-BF4B-00C04F79EFBC}") = "027_Globalization_and_Localization", "027_Globalization_and_Localization.csproj", "{C04CEB44-B8E7-4CDF-A3A9-020BBCC3171F}"
EndProject
Global
	GlobalSection(SolutionConfigurationPlatforms) = preSolution
		Debug|Any CPU = Debug|Any CPU
		Release|Any CPU = Release|Any CPU
	EndGlobalSection
	GlobalSection(ProjectConfigurationPlatforms) = postSolution
		{C04CEB44-B8E7-4CDF-A3A9-020BBCC3171F}.Debug|Any CPU.ActiveCfg = Debug|Any CPU
		{C04CEB44-B8E7-4CDF-A3A9-020BBCC3171F}.Debug|Any CPU.Build.0 = Debug|Any CPU
		{C04CEB44-B8E7-4CDF-A3A9-020BBCC3171F}.Release|Any CPU.ActiveCfg = Release|Any CPU
		{C04CEB44-B8E7-4CDF-A3A9-020BBCC3171F}.Release|Any CPU.Build.0 = Release|Any CPU
	EndGlobalSection
	GlobalSection(SolutionProperties) = preSolution
		HideSolutionNode = FALSE
	EndGlobalSection
	GlobalSection(ExtensibilityGlobals) = postSolution
		SolutionGuid = {40D693EB-5109-4EED-BB69-5C21BB8D8F62}
	EndGlobalSection
EndGlobal
