
Microsoft Visual Studio Solution File, Format Version 12.00
# Visual Studio Version 17
VisualStudioVersion = 17.14.36202.13 d17.14
MinimumVisualStudioVersion = 10.0.40219.1
Project("{FAE04EC0-301F-11D3-BF4B-00C04F79EFBC}") = "051_Headless_CMS_With_ASP_Dot_NET_Core", "051_Headless_CMS_With_ASP_Dot_NET_Core.csproj", "{094B5636-AC4A-47CE-80E1-219B1253F2A5}"
EndProject
Global
	GlobalSection(SolutionConfigurationPlatforms) = preSolution
		Debug|Any CPU = Debug|Any CPU
		Release|Any CPU = Release|Any CPU
	EndGlobalSection
	GlobalSection(ProjectConfigurationPlatforms) = postSolution
		{094B5636-AC4A-47CE-80E1-219B1253F2A5}.Debug|Any CPU.ActiveCfg = Debug|Any CPU
		{094B5636-AC4A-47CE-80E1-219B1253F2A5}.Debug|Any CPU.Build.0 = Debug|Any CPU
		{094B5636-AC4A-47CE-80E1-219B1253F2A5}.Release|Any CPU.ActiveCfg = Release|Any CPU
		{094B5636-AC4A-47CE-80E1-219B1253F2A5}.Release|Any CPU.Build.0 = Release|Any CPU
	EndGlobalSection
	GlobalSection(SolutionProperties) = preSolution
		HideSolutionNode = FALSE
	EndGlobalSection
	GlobalSection(ExtensibilityGlobals) = postSolution
		SolutionGuid = {82F14E57-861C-4929-83BC-792EA97C4C82}
	EndGlobalSection
EndGlobal
