
Microsoft Visual Studio Solution File, Format Version 12.00
# Visual Studio Version 17
VisualStudioVersion = 17.11.35222.181
MinimumVisualStudioVersion = 10.0.40219.1
Project("{FAE04EC0-301F-11D3-BF4B-00C04F79EFBC}") = "037_Abstract_Factory_Pattern_DeepDive", "037_Abstract_Factory_Pattern_DeepDive.csproj", "{C8AF5FF0-426C-4892-A73F-2FA3642AE145}"
EndProject
Global
	GlobalSection(SolutionConfigurationPlatforms) = preSolution
		Debug|Any CPU = Debug|Any CPU
		Release|Any CPU = Release|Any CPU
	EndGlobalSection
	GlobalSection(ProjectConfigurationPlatforms) = postSolution
		{C8AF5FF0-426C-4892-A73F-2FA3642AE145}.Debug|Any CPU.ActiveCfg = Debug|Any CPU
		{C8AF5FF0-426C-4892-A73F-2FA3642AE145}.Debug|Any CPU.Build.0 = Debug|Any CPU
		{C8AF5FF0-426C-4892-A73F-2FA3642AE145}.Release|Any CPU.ActiveCfg = Release|Any CPU
		{C8AF5FF0-426C-4892-A73F-2FA3642AE145}.Release|Any CPU.Build.0 = Release|Any CPU
	EndGlobalSection
	GlobalSection(SolutionProperties) = preSolution
		HideSolutionNode = FALSE
	EndGlobalSection
	GlobalSection(ExtensibilityGlobals) = postSolution
		SolutionGuid = {79732B2F-2A46-42F0-849D-CF2729C3E19D}
	EndGlobalSection
EndGlobal
