
Microsoft Visual Studio Solution File, Format Version 12.00
# Visual Studio Version 17
VisualStudioVersion = 17.11.35222.181
MinimumVisualStudioVersion = 10.0.40219.1
Project("{FAE04EC0-301F-11D3-BF4B-00C04F79EFBC}") = "029_GraphQL_Implementation", "029_GraphQL_Implementation.csproj", "{8400DCA7-496F-472F-A07D-DF9C2F35FA44}"
EndProject
Global
	GlobalSection(SolutionConfigurationPlatforms) = preSolution
		Debug|Any CPU = Debug|Any CPU
		Release|Any CPU = Release|Any CPU
	EndGlobalSection
	GlobalSection(ProjectConfigurationPlatforms) = postSolution
		{8400DCA7-496F-472F-A07D-DF9C2F35FA44}.Debug|Any CPU.ActiveCfg = Debug|Any CPU
		{8400DCA7-496F-472F-A07D-DF9C2F35FA44}.Debug|Any CPU.Build.0 = Debug|Any CPU
		{8400DCA7-496F-472F-A07D-DF9C2F35FA44}.Release|Any CPU.ActiveCfg = Release|Any CPU
		{8400DCA7-496F-472F-A07D-DF9C2F35FA44}.Release|Any CPU.Build.0 = Release|Any CPU
	EndGlobalSection
	GlobalSection(SolutionProperties) = preSolution
		HideSolutionNode = FALSE
	EndGlobalSection
	GlobalSection(ExtensibilityGlobals) = postSolution
		SolutionGuid = {A86AB8DD-763A-4FDE-BF7A-B7C445DC10FB}
	EndGlobalSection
EndGlobal
