
Microsoft Visual Studio Solution File, Format Version 12.00
# Visual Studio Version 17
VisualStudioVersion = 17.10.35013.160
MinimumVisualStudioVersion = 10.0.40219.1
Project("{FAE04EC0-301F-11D3-BF4B-00C04F79EFBC}") = "CQRS.Api", "CQRS.Api\CQRS.Api.csproj", "{C4A98312-FB7C-496B-A848-59CE760DFB9A}"
EndProject
Global
	GlobalSection(SolutionConfigurationPlatforms) = preSolution
		Debug|Any CPU = Debug|Any CPU
		Release|Any CPU = Release|Any CPU
	EndGlobalSection
	GlobalSection(ProjectConfigurationPlatforms) = postSolution
		{C4A98312-FB7C-496B-A848-59CE760DFB9A}.Debug|Any CPU.ActiveCfg = Debug|Any CPU
		{C4A98312-FB7C-496B-A848-59CE760DFB9A}.Debug|Any CPU.Build.0 = Debug|Any CPU
		{C4A98312-FB7C-496B-A848-59CE760DFB9A}.Release|Any CPU.ActiveCfg = Release|Any CPU
		{C4A98312-FB7C-496B-A848-59CE760DFB9A}.Release|Any CPU.Build.0 = Release|Any CPU
	EndGlobalSection
	GlobalSection(SolutionProperties) = preSolution
		HideSolutionNode = FALSE
	EndGlobalSection
	GlobalSection(ExtensibilityGlobals) = postSolution
		SolutionGuid = {7C2B1EF7-FBF1-4653-81BC-76EB267034DE}
	EndGlobalSection
EndGlobal
