
Microsoft Visual Studio Solution File, Format Version 12.00
# Visual Studio Version 17
VisualStudioVersion = 17.11.35222.181
MinimumVisualStudioVersion = 10.0.40219.1
Project("{FAE04EC0-301F-11D3-BF4B-00C04F79EFBC}") = "042_AddSingleton_Deep_Dive", "042_AddSingleton_Deep_Dive.csproj", "{94ED2318-BE10-4F4C-A128-F8983995E3AF}"
EndProject
Global
	GlobalSection(SolutionConfigurationPlatforms) = preSolution
		Debug|Any CPU = Debug|Any CPU
		Release|Any CPU = Release|Any CPU
	EndGlobalSection
	GlobalSection(ProjectConfigurationPlatforms) = postSolution
		{94ED2318-BE10-4F4C-A128-F8983995E3AF}.Debug|Any CPU.ActiveCfg = Debug|Any CPU
		{94ED2318-BE10-4F4C-A128-F8983995E3AF}.Debug|Any CPU.Build.0 = Debug|Any CPU
		{94ED2318-BE10-4F4C-A128-F8983995E3AF}.Release|Any CPU.ActiveCfg = Release|Any CPU
		{94ED2318-BE10-4F4C-A128-F8983995E3AF}.Release|Any CPU.Build.0 = Release|Any CPU
	EndGlobalSection
	GlobalSection(SolutionProperties) = preSolution
		HideSolutionNode = FALSE
	EndGlobalSection
	GlobalSection(ExtensibilityGlobals) = postSolution
		SolutionGuid = {659A06A2-862D-4849-8A61-D3CC6C0F7574}
	EndGlobalSection
EndGlobal
